
Microsoft Visual Studio Solution File, Format Version 12.00
# Visual Studio Version 17
VisualStudioVersion = 17.4.33205.214
MinimumVisualStudioVersion = 10.0.40219.1
Project("{9A19103F-16F7-4668-BE54-9A1E7A4F7556}") = "DapperWebAPI", "DapperWebAPI\DapperWebAPI.csproj", "{2C7F2632-2901-462B-A76C-27EA988526E7}"
EndProject
Project("{9A19103F-16F7-4668-BE54-9A1E7A4F7556}") = "Model", "DapperWebAPI.Model\Model.csproj", "{F8355D6C-09EA-4B46-B36B-0057188AB17D}"
EndProject
Project("{9A19103F-16F7-4668-BE54-9A1E7A4F7556}") = "DataAccess", "DataAccess\DataAccess.csproj", "{79C6EE97-ECEA-4C03-8F12-9777483301ED}"
EndProject
Global
	GlobalSection(SolutionConfigurationPlatforms) = preSolution
		Debug|Any CPU = Debug|Any CPU
		Release|Any CPU = Release|Any CPU
	EndGlobalSection
	GlobalSection(ProjectConfigurationPlatforms) = postSolution
		{2C7F2632-2901-462B-A76C-27EA988526E7}.Debug|Any CPU.ActiveCfg = Debug|Any CPU
		{2C7F2632-2901-462B-A76C-27EA988526E7}.Debug|Any CPU.Build.0 = Debug|Any CPU
		{2C7F2632-2901-462B-A76C-27EA988526E7}.Release|Any CPU.ActiveCfg = Release|Any CPU
		{2C7F2632-2901-462B-A76C-27EA988526E7}.Release|Any CPU.Build.0 = Release|Any CPU
		{F8355D6C-09EA-4B46-B36B-0057188AB17D}.Debug|Any CPU.ActiveCfg = Debug|Any CPU
		{F8355D6C-09EA-4B46-B36B-0057188AB17D}.Debug|Any CPU.Build.0 = Debug|Any CPU
		{F8355D6C-09EA-4B46-B36B-0057188AB17D}.Release|Any CPU.ActiveCfg = Release|Any CPU
		{F8355D6C-09EA-4B46-B36B-0057188AB17D}.Release|Any CPU.Build.0 = Release|Any CPU
		{79C6EE97-ECEA-4C03-8F12-9777483301ED}.Debug|Any CPU.ActiveCfg = Debug|Any CPU
		{79C6EE97-ECEA-4C03-8F12-9777483301ED}.Debug|Any CPU.Build.0 = Debug|Any CPU
		{79C6EE97-ECEA-4C03-8F12-9777483301ED}.Release|Any CPU.ActiveCfg = Release|Any CPU
		{79C6EE97-ECEA-4C03-8F12-9777483301ED}.Release|Any CPU.Build.0 = Release|Any CPU
	EndGlobalSection
	GlobalSection(SolutionProperties) = preSolution
		HideSolutionNode = FALSE
	EndGlobalSection
	GlobalSection(ExtensibilityGlobals) = postSolution
		SolutionGuid = {0AFAACD4-7B3E-4A1D-AA48-64A8864FA78F}
	EndGlobalSection
EndGlobal
